
Microsoft Visual Studio Solution File, Format Version 12.00
# Visual Studio Version 17
VisualStudioVersion = 17.5.001.0
MinimumVisualStudioVersion = 10.0.40219.1
Project("{9A19103F-16F7-4668-BE54-9A1E7A4F7556}") = "GB_Cs1_HW3", "GB_Cs1_HW3.csproj", "{C1D64625-85DC-4C8B-BA60-DA497A3DC7BB}"
EndProject
Global
	GlobalSection(SolutionConfigurationPlatforms) = preSolution
		Debug|Any CPU = Debug|Any CPU
		Release|Any CPU = Release|Any CPU
	EndGlobalSection
	GlobalSection(ProjectConfigurationPlatforms) = postSolution
		{C1D64625-85DC-4C8B-BA60-DA497A3DC7BB}.Debug|Any CPU.ActiveCfg = Debug|Any CPU
		{C1D64625-85DC-4C8B-BA60-DA497A3DC7BB}.Debug|Any CPU.Build.0 = Debug|Any CPU
		{C1D64625-85DC-4C8B-BA60-DA497A3DC7BB}.Release|Any CPU.ActiveCfg = Release|Any CPU
		{C1D64625-85DC-4C8B-BA60-DA497A3DC7BB}.Release|Any CPU.Build.0 = Release|Any CPU
	EndGlobalSection
	GlobalSection(SolutionProperties) = preSolution
		HideSolutionNode = FALSE
	EndGlobalSection
	GlobalSection(ExtensibilityGlobals) = postSolution
		SolutionGuid = {525706E8-B002-486C-A9F4-46466CD1DDBA}
	EndGlobalSection
EndGlobal
